
Microsoft Visual Studio Solution File, Format Version 12.00
# Visual Studio Version 17
VisualStudioVersion = 17.0.32014.148
MinimumVisualStudioVersion = 10.0.40219.1
Project("{9A19103F-16F7-4668-BE54-9A1E7A4F7556}") = "Genius", "Genius\Genius.csproj", "{004C3C15-F01A-4B92-B9DD-67DACCA92A6E}"
EndProject
Project("{9A19103F-16F7-4668-BE54-9A1E7A4F7556}") = "Genius.Client", "Genius.Client\Genius.Client.csproj", "{A6DC536E-CBFD-420D-87D0-20A15BF4B901}"
EndProject
Project("{9A19103F-16F7-4668-BE54-9A1E7A4F7556}") = "Genius.Protocol", "Genius.Protocol\Genius.Protocol.csproj", "{B53383EF-C2E8-4E6C-AA9A-0429881D6ADF}"
EndProject
Project("{9A19103F-16F7-4668-BE54-9A1E7A4F7556}") = "Genius.OAuth", "Genius.OAuth\Genius.OAuth.csproj", "{65BA37E6-AACC-4559-A18B-23A420282B37}"
EndProject
Global
	GlobalSection(SolutionConfigurationPlatforms) = preSolution
		Debug|Any CPU = Debug|Any CPU
		Release|Any CPU = Release|Any CPU
	EndGlobalSection
	GlobalSection(ProjectConfigurationPlatforms) = postSolution
		{004C3C15-F01A-4B92-B9DD-67DACCA92A6E}.Debug|Any CPU.ActiveCfg = Debug|Any CPU
		{004C3C15-F01A-4B92-B9DD-67DACCA92A6E}.Debug|Any CPU.Build.0 = Debug|Any CPU
		{004C3C15-F01A-4B92-B9DD-67DACCA92A6E}.Release|Any CPU.ActiveCfg = Release|Any CPU
		{004C3C15-F01A-4B92-B9DD-67DACCA92A6E}.Release|Any CPU.Build.0 = Release|Any CPU
		{A6DC536E-CBFD-420D-87D0-20A15BF4B901}.Debug|Any CPU.ActiveCfg = Debug|Any CPU
		{A6DC536E-CBFD-420D-87D0-20A15BF4B901}.Debug|Any CPU.Build.0 = Debug|Any CPU
		{A6DC536E-CBFD-420D-87D0-20A15BF4B901}.Release|Any CPU.ActiveCfg = Release|Any CPU
		{A6DC536E-CBFD-420D-87D0-20A15BF4B901}.Release|Any CPU.Build.0 = Release|Any CPU
		{B53383EF-C2E8-4E6C-AA9A-0429881D6ADF}.Debug|Any CPU.ActiveCfg = Debug|Any CPU
		{B53383EF-C2E8-4E6C-AA9A-0429881D6ADF}.Debug|Any CPU.Build.0 = Debug|Any CPU
		{B53383EF-C2E8-4E6C-AA9A-0429881D6ADF}.Release|Any CPU.ActiveCfg = Release|Any CPU
		{B53383EF-C2E8-4E6C-AA9A-0429881D6ADF}.Release|Any CPU.Build.0 = Release|Any CPU
		{65BA37E6-AACC-4559-A18B-23A420282B37}.Debug|Any CPU.ActiveCfg = Debug|Any CPU
		{65BA37E6-AACC-4559-A18B-23A420282B37}.Debug|Any CPU.Build.0 = Debug|Any CPU
		{65BA37E6-AACC-4559-A18B-23A420282B37}.Release|Any CPU.ActiveCfg = Release|Any CPU
		{65BA37E6-AACC-4559-A18B-23A420282B37}.Release|Any CPU.Build.0 = Release|Any CPU
	EndGlobalSection
	GlobalSection(SolutionProperties) = preSolution
		HideSolutionNode = FALSE
	EndGlobalSection
	GlobalSection(ExtensibilityGlobals) = postSolution
		SolutionGuid = {E9C902DB-7821-47C3-8F93-4CEED73FE898}
	EndGlobalSection
EndGlobal
